
Microsoft Visual Studio Solution File, Format Version 12.00
# Visual Studio Version 16
VisualStudioVersion = 16.0.29806.167
MinimumVisualStudioVersion = 10.0.40219.1
Project("{FAE04EC0-301F-11D3-BF4B-00C04F79EFBC}") = "MyTest", "MyTest\MyTest.csproj", "{A9750FCD-59E1-454F-8942-17537632D65F}"
EndProject
Project("{FAE04EC0-301F-11D3-BF4B-00C04F79EFBC}") = "POCOChangeTracker", "POCOChangeTracker\POCOChangeTracker.csproj", "{4A6916A1-DF59-40D1-8FA5-A93F21A06551}"
EndProject
Global
	GlobalSection(SolutionConfigurationPlatforms) = preSolution
		Debug|Any CPU = Debug|Any CPU
		Release|Any CPU = Release|Any CPU
	EndGlobalSection
	GlobalSection(ProjectConfigurationPlatforms) = postSolution
		{A9750FCD-59E1-454F-8942-17537632D65F}.Debug|Any CPU.ActiveCfg = Debug|Any CPU
		{A9750FCD-59E1-454F-8942-17537632D65F}.Debug|Any CPU.Build.0 = Debug|Any CPU
		{A9750FCD-59E1-454F-8942-17537632D65F}.Release|Any CPU.ActiveCfg = Release|Any CPU
		{A9750FCD-59E1-454F-8942-17537632D65F}.Release|Any CPU.Build.0 = Release|Any CPU
		{4A6916A1-DF59-40D1-8FA5-A93F21A06551}.Debug|Any CPU.ActiveCfg = Debug|Any CPU
		{4A6916A1-DF59-40D1-8FA5-A93F21A06551}.Debug|Any CPU.Build.0 = Debug|Any CPU
		{4A6916A1-DF59-40D1-8FA5-A93F21A06551}.Release|Any CPU.ActiveCfg = Release|Any CPU
		{4A6916A1-DF59-40D1-8FA5-A93F21A06551}.Release|Any CPU.Build.0 = Release|Any CPU
	EndGlobalSection
	GlobalSection(SolutionProperties) = preSolution
		HideSolutionNode = FALSE
	EndGlobalSection
	GlobalSection(ExtensibilityGlobals) = postSolution
		SolutionGuid = {60C4ABCB-544E-4FE3-8FD9-5B101C7FD051}
	EndGlobalSection
EndGlobal
